
Microsoft Visual Studio Solution File, Format Version 12.00
# Visual Studio Version 17
VisualStudioVersion = 17.6.33815.320
MinimumVisualStudioVersion = 10.0.40219.1
Project("{FAE04EC0-301F-11D3-BF4B-00C04F79EFBC}") = "BulkyProjectWeb", "BulkyProjectWeb\BulkyProjectWeb.csproj", "{B9284DAE-D53A-473E-8890-9CF7FA0FA607}"
EndProject
Global
	GlobalSection(SolutionConfigurationPlatforms) = preSolution
		Debug|Any CPU = Debug|Any CPU
		Release|Any CPU = Release|Any CPU
	EndGlobalSection
	GlobalSection(ProjectConfigurationPlatforms) = postSolution
		{B9284DAE-D53A-473E-8890-9CF7FA0FA607}.Debug|Any CPU.ActiveCfg = Debug|Any CPU
		{B9284DAE-D53A-473E-8890-9CF7FA0FA607}.Debug|Any CPU.Build.0 = Debug|Any CPU
		{B9284DAE-D53A-473E-8890-9CF7FA0FA607}.Release|Any CPU.ActiveCfg = Release|Any CPU
		{B9284DAE-D53A-473E-8890-9CF7FA0FA607}.Release|Any CPU.Build.0 = Release|Any CPU
	EndGlobalSection
	GlobalSection(SolutionProperties) = preSolution
		HideSolutionNode = FALSE
	EndGlobalSection
	GlobalSection(ExtensibilityGlobals) = postSolution
		SolutionGuid = {1FDBF5E8-5A9D-400A-A3E5-72A583D75719}
	EndGlobalSection
EndGlobal
